
Microsoft Visual Studio Solution File, Format Version 12.00
# Visual Studio 14
VisualStudioVersion = 14.0.25420.1
MinimumVisualStudioVersion = 10.0.40219.1
Project("{FAE04EC0-301F-11D3-BF4B-00C04F79EFBC}") = "StandardPCL", "StandardPCL\StandardPCL.csproj", "{315E8962-890B-4850-A672-FF32422F3422}"
EndProject
Project("{FAE04EC0-301F-11D3-BF4B-00C04F79EFBC}") = "DjonTraore", "DjonTraore\DjonTraore\DjonTraore.csproj", "{BF0C0E3D-2DBB-4F16-B518-9BDFA81A79AD}"
EndProject
Project("{FAE04EC0-301F-11D3-BF4B-00C04F79EFBC}") = "DjonTraore.Droid", "DjonTraore\DjonTraore.Droid\DjonTraore.Droid.csproj", "{9D9A013B-49A3-4887-A34C-5C08368500B0}"
EndProject
Project("{FAE04EC0-301F-11D3-BF4B-00C04F79EFBC}") = "DjonTraore.iOS", "DjonTraore\DjonTraore.iOS\DjonTraore.iOS.csproj", "{8F28884B-3181-4776-8B3F-41B4E889AF4A}"
EndProject
Project("{8BB2217D-0F2D-49D1-97BC-3654ED321F3B}") = "CoreMVC", "CoreMVC\CoreMVC.xproj", "{709C265F-0617-41C4-B799-A33E4043A49A}"
EndProject
Project("{FAE04EC0-301F-11D3-BF4B-00C04F79EFBC}") = "Universal", "Universal\Universal.csproj", "{5D483F96-EB48-48E3-B6F6-222432A2FA1D}"
EndProject
Global
	GlobalSection(SolutionConfigurationPlatforms) = preSolution
		Ad-Hoc|Any CPU = Ad-Hoc|Any CPU
		Ad-Hoc|ARM = Ad-Hoc|ARM
		Ad-Hoc|iPhone = Ad-Hoc|iPhone
		Ad-Hoc|iPhoneSimulator = Ad-Hoc|iPhoneSimulator
		Ad-Hoc|x64 = Ad-Hoc|x64
		Ad-Hoc|x86 = Ad-Hoc|x86
		AppStore|Any CPU = AppStore|Any CPU
		AppStore|ARM = AppStore|ARM
		AppStore|iPhone = AppStore|iPhone
		AppStore|iPhoneSimulator = AppStore|iPhoneSimulator
		AppStore|x64 = AppStore|x64
		AppStore|x86 = AppStore|x86
		Debug|Any CPU = Debug|Any CPU
		Debug|ARM = Debug|ARM
		Debug|iPhone = Debug|iPhone
		Debug|iPhoneSimulator = Debug|iPhoneSimulator
		Debug|x64 = Debug|x64
		Debug|x86 = Debug|x86
		Release|Any CPU = Release|Any CPU
		Release|ARM = Release|ARM
		Release|iPhone = Release|iPhone
		Release|iPhoneSimulator = Release|iPhoneSimulator
		Release|x64 = Release|x64
		Release|x86 = Release|x86
	EndGlobalSection
	GlobalSection(ProjectConfigurationPlatforms) = postSolution
		{315E8962-890B-4850-A672-FF32422F3422}.Ad-Hoc|Any CPU.ActiveCfg = Release|Any CPU
		{315E8962-890B-4850-A672-FF32422F3422}.Ad-Hoc|Any CPU.Build.0 = Release|Any CPU
		{315E8962-890B-4850-A672-FF32422F3422}.Ad-Hoc|ARM.ActiveCfg = Release|Any CPU
		{315E8962-890B-4850-A672-FF32422F3422}.Ad-Hoc|ARM.Build.0 = Release|Any CPU
		{315E8962-890B-4850-A672-FF32422F3422}.Ad-Hoc|iPhone.ActiveCfg = Release|Any CPU
		{315E8962-890B-4850-A672-FF32422F3422}.Ad-Hoc|iPhone.Build.0 = Release|Any CPU
		{315E8962-890B-4850-A672-FF32422F3422}.Ad-Hoc|iPhoneSimulator.ActiveCfg = Release|Any CPU
		{315E8962-890B-4850-A672-FF32422F3422}.Ad-Hoc|iPhoneSimulator.Build.0 = Release|Any CPU
		{315E8962-890B-4850-A672-FF32422F3422}.Ad-Hoc|x64.ActiveCfg = Release|Any CPU
		{315E8962-890B-4850-A672-FF32422F3422}.Ad-Hoc|x64.Build.0 = Release|Any CPU
		{315E8962-890B-4850-A672-FF32422F3422}.Ad-Hoc|x86.ActiveCfg = Release|Any CPU
		{315E8962-890B-4850-A672-FF32422F3422}.Ad-Hoc|x86.Build.0 = Release|Any CPU
		{315E8962-890B-4850-A672-FF32422F3422}.AppStore|Any CPU.ActiveCfg = Release|Any CPU
		{315E8962-890B-4850-A672-FF32422F3422}.AppStore|Any CPU.Build.0 = Release|Any CPU
		{315E8962-890B-4850-A672-FF32422F3422}.AppStore|ARM.ActiveCfg = Release|Any CPU
		{315E8962-890B-4850-A672-FF32422F3422}.AppStore|ARM.Build.0 = Release|Any CPU
		{315E8962-890B-4850-A672-FF32422F3422}.AppStore|iPhone.ActiveCfg = Release|Any CPU
		{315E8962-890B-4850-A672-FF32422F3422}.AppStore|iPhone.Build.0 = Release|Any CPU
		{315E8962-890B-4850-A672-FF32422F3422}.AppStore|iPhoneSimulator.ActiveCfg = Release|Any CPU
		{315E8962-890B-4850-A672-FF32422F3422}.AppStore|iPhoneSimulator.Build.0 = Release|Any CPU
		{315E8962-890B-4850-A672-FF32422F3422}.AppStore|x64.ActiveCfg = Release|Any CPU
		{315E8962-890B-4850-A672-FF32422F3422}.AppStore|x64.Build.0 = Release|Any CPU
		{315E8962-890B-4850-A672-FF32422F3422}.AppStore|x86.ActiveCfg = Release|Any CPU
		{315E8962-890B-4850-A672-FF32422F3422}.AppStore|x86.Build.0 = Release|Any CPU
		{315E8962-890B-4850-A672-FF32422F3422}.Debug|Any CPU.ActiveCfg = Debug|Any CPU
		{315E8962-890B-4850-A672-FF32422F3422}.Debug|Any CPU.Build.0 = Debug|Any CPU
		{315E8962-890B-4850-A672-FF32422F3422}.Debug|ARM.ActiveCfg = Debug|Any CPU
		{315E8962-890B-4850-A672-FF32422F3422}.Debug|ARM.Build.0 = Debug|Any CPU
		{315E8962-890B-4850-A672-FF32422F3422}.Debug|iPhone.ActiveCfg = Debug|Any CPU
		{315E8962-890B-4850-A672-FF32422F3422}.Debug|iPhone.Build.0 = Debug|Any CPU
		{315E8962-890B-4850-A672-FF32422F3422}.Debug|iPhoneSimulator.ActiveCfg = Debug|Any CPU
		{315E8962-890B-4850-A672-FF32422F3422}.Debug|iPhoneSimulator.Build.0 = Debug|Any CPU
		{315E8962-890B-4850-A672-FF32422F3422}.Debug|x64.ActiveCfg = Debug|Any CPU
		{315E8962-890B-4850-A672-FF32422F3422}.Debug|x64.Build.0 = Debug|Any CPU
		{315E8962-890B-4850-A672-FF32422F3422}.Debug|x86.ActiveCfg = Debug|Any CPU
		{315E8962-890B-4850-A672-FF32422F3422}.Debug|x86.Build.0 = Debug|Any CPU
		{315E8962-890B-4850-A672-FF32422F3422}.Release|Any CPU.ActiveCfg = Release|Any CPU
		{315E8962-890B-4850-A672-FF32422F3422}.Release|Any CPU.Build.0 = Release|Any CPU
		{315E8962-890B-4850-A672-FF32422F3422}.Release|ARM.ActiveCfg = Release|Any CPU
		{315E8962-890B-4850-A672-FF32422F3422}.Release|ARM.Build.0 = Release|Any CPU
		{315E8962-890B-4850-A672-FF32422F3422}.Release|iPhone.ActiveCfg = Release|Any CPU
		{315E8962-890B-4850-A672-FF32422F3422}.Release|iPhone.Build.0 = Release|Any CPU
		{315E8962-890B-4850-A672-FF32422F3422}.Release|iPhoneSimulator.ActiveCfg = Release|Any CPU
		{315E8962-890B-4850-A672-FF32422F3422}.Release|iPhoneSimulator.Build.0 = Release|Any CPU
		{315E8962-890B-4850-A672-FF32422F3422}.Release|x64.ActiveCfg = Release|Any CPU
		{315E8962-890B-4850-A672-FF32422F3422}.Release|x64.Build.0 = Release|Any CPU
		{315E8962-890B-4850-A672-FF32422F3422}.Release|x86.ActiveCfg = Release|Any CPU
		{315E8962-890B-4850-A672-FF32422F3422}.Release|x86.Build.0 = Release|Any CPU
		{BF0C0E3D-2DBB-4F16-B518-9BDFA81A79AD}.Ad-Hoc|Any CPU.ActiveCfg = Release|Any CPU
		{BF0C0E3D-2DBB-4F16-B518-9BDFA81A79AD}.Ad-Hoc|Any CPU.Build.0 = Release|Any CPU
		{BF0C0E3D-2DBB-4F16-B518-9BDFA81A79AD}.Ad-Hoc|ARM.ActiveCfg = Release|Any CPU
		{BF0C0E3D-2DBB-4F16-B518-9BDFA81A79AD}.Ad-Hoc|ARM.Build.0 = Release|Any CPU
		{BF0C0E3D-2DBB-4F16-B518-9BDFA81A79AD}.Ad-Hoc|iPhone.ActiveCfg = Release|Any CPU
		{BF0C0E3D-2DBB-4F16-B518-9BDFA81A79AD}.Ad-Hoc|iPhone.Build.0 = Release|Any CPU
		{BF0C0E3D-2DBB-4F16-B518-9BDFA81A79AD}.Ad-Hoc|iPhoneSimulator.ActiveCfg = Release|Any CPU
		{BF0C0E3D-2DBB-4F16-B518-9BDFA81A79AD}.Ad-Hoc|iPhoneSimulator.Build.0 = Release|Any CPU
		{BF0C0E3D-2DBB-4F16-B518-9BDFA81A79AD}.Ad-Hoc|x64.ActiveCfg = Release|Any CPU
		{BF0C0E3D-2DBB-4F16-B518-9BDFA81A79AD}.Ad-Hoc|x64.Build.0 = Release|Any CPU
		{BF0C0E3D-2DBB-4F16-B518-9BDFA81A79AD}.Ad-Hoc|x86.ActiveCfg = Release|Any CPU
		{BF0C0E3D-2DBB-4F16-B518-9BDFA81A79AD}.Ad-Hoc|x86.Build.0 = Release|Any CPU
		{BF0C0E3D-2DBB-4F16-B518-9BDFA81A79AD}.AppStore|Any CPU.ActiveCfg = Release|Any CPU
		{BF0C0E3D-2DBB-4F16-B518-9BDFA81A79AD}.AppStore|Any CPU.Build.0 = Release|Any CPU
		{BF0C0E3D-2DBB-4F16-B518-9BDFA81A79AD}.AppStore|ARM.ActiveCfg = Release|Any CPU
		{BF0C0E3D-2DBB-4F16-B518-9BDFA81A79AD}.AppStore|ARM.Build.0 = Release|Any CPU
		{BF0C0E3D-2DBB-4F16-B518-9BDFA81A79AD}.AppStore|iPhone.ActiveCfg = Release|Any CPU
		{BF0C0E3D-2DBB-4F16-B518-9BDFA81A79AD}.AppStore|iPhone.Build.0 = Release|Any CPU
		{BF0C0E3D-2DBB-4F16-B518-9BDFA81A79AD}.AppStore|iPhoneSimulator.ActiveCfg = Release|Any CPU
		{BF0C0E3D-2DBB-4F16-B518-9BDFA81A79AD}.AppStore|iPhoneSimulator.Build.0 = Release|Any CPU
		{BF0C0E3D-2DBB-4F16-B518-9BDFA81A79AD}.AppStore|x64.ActiveCfg = Release|Any CPU
		{BF0C0E3D-2DBB-4F16-B518-9BDFA81A79AD}.AppStore|x64.Build.0 = Release|Any CPU
		{BF0C0E3D-2DBB-4F16-B518-9BDFA81A79AD}.AppStore|x86.ActiveCfg = Release|Any CPU
		{BF0C0E3D-2DBB-4F16-B518-9BDFA81A79AD}.AppStore|x86.Build.0 = Release|Any CPU
		{BF0C0E3D-2DBB-4F16-B518-9BDFA81A79AD}.Debug|Any CPU.ActiveCfg = Debug|Any CPU
		{BF0C0E3D-2DBB-4F16-B518-9BDFA81A79AD}.Debug|Any CPU.Build.0 = Debug|Any CPU
		{BF0C0E3D-2DBB-4F16-B518-9BDFA81A79AD}.Debug|ARM.ActiveCfg = Debug|Any CPU
		{BF0C0E3D-2DBB-4F16-B518-9BDFA81A79AD}.Debug|ARM.Build.0 = Debug|Any CPU
		{BF0C0E3D-2DBB-4F16-B518-9BDFA81A79AD}.Debug|iPhone.ActiveCfg = Debug|Any CPU
		{BF0C0E3D-2DBB-4F16-B518-9BDFA81A79AD}.Debug|iPhone.Build.0 = Debug|Any CPU
		{BF0C0E3D-2DBB-4F16-B518-9BDFA81A79AD}.Debug|iPhoneSimulator.ActiveCfg = Debug|Any CPU
		{BF0C0E3D-2DBB-4F16-B518-9BDFA81A79AD}.Debug|iPhoneSimulator.Build.0 = Debug|Any CPU
		{BF0C0E3D-2DBB-4F16-B518-9BDFA81A79AD}.Debug|x64.ActiveCfg = Debug|Any CPU
		{BF0C0E3D-2DBB-4F16-B518-9BDFA81A79AD}.Debug|x64.Build.0 = Debug|Any CPU
		{BF0C0E3D-2DBB-4F16-B518-9BDFA81A79AD}.Debug|x86.ActiveCfg = Debug|Any CPU
		{BF0C0E3D-2DBB-4F16-B518-9BDFA81A79AD}.Debug|x86.Build.0 = Debug|Any CPU
		{BF0C0E3D-2DBB-4F16-B518-9BDFA81A79AD}.Release|Any CPU.ActiveCfg = Release|Any CPU
		{BF0C0E3D-2DBB-4F16-B518-9BDFA81A79AD}.Release|Any CPU.Build.0 = Release|Any CPU
		{BF0C0E3D-2DBB-4F16-B518-9BDFA81A79AD}.Release|ARM.ActiveCfg = Release|Any CPU
		{BF0C0E3D-2DBB-4F16-B518-9BDFA81A79AD}.Release|ARM.Build.0 = Release|Any CPU
		{BF0C0E3D-2DBB-4F16-B518-9BDFA81A79AD}.Release|iPhone.ActiveCfg = Release|Any CPU
		{BF0C0E3D-2DBB-4F16-B518-9BDFA81A79AD}.Release|iPhone.Build.0 = Release|Any CPU
		{BF0C0E3D-2DBB-4F16-B518-9BDFA81A79AD}.Release|iPhoneSimulator.ActiveCfg = Release|Any CPU
		{BF0C0E3D-2DBB-4F16-B518-9BDFA81A79AD}.Release|iPhoneSimulator.Build.0 = Release|Any CPU
		{BF0C0E3D-2DBB-4F16-B518-9BDFA81A79AD}.Release|x64.ActiveCfg = Release|Any CPU
		{BF0C0E3D-2DBB-4F16-B518-9BDFA81A79AD}.Release|x64.Build.0 = Release|Any CPU
		{BF0C0E3D-2DBB-4F16-B518-9BDFA81A79AD}.Release|x86.ActiveCfg = Release|Any CPU
		{BF0C0E3D-2DBB-4F16-B518-9BDFA81A79AD}.Release|x86.Build.0 = Release|Any CPU
		{9D9A013B-49A3-4887-A34C-5C08368500B0}.Ad-Hoc|Any CPU.ActiveCfg = Release|Any CPU
		{9D9A013B-49A3-4887-A34C-5C08368500B0}.Ad-Hoc|Any CPU.Build.0 = Release|Any CPU
		{9D9A013B-49A3-4887-A34C-5C08368500B0}.Ad-Hoc|Any CPU.Deploy.0 = Release|Any CPU
		{9D9A013B-49A3-4887-A34C-5C08368500B0}.Ad-Hoc|ARM.ActiveCfg = Release|Any CPU
		{9D9A013B-49A3-4887-A34C-5C08368500B0}.Ad-Hoc|ARM.Build.0 = Release|Any CPU
		{9D9A013B-49A3-4887-A34C-5C08368500B0}.Ad-Hoc|ARM.Deploy.0 = Release|Any CPU
		{9D9A013B-49A3-4887-A34C-5C08368500B0}.Ad-Hoc|iPhone.ActiveCfg = Release|Any CPU
		{9D9A013B-49A3-4887-A34C-5C08368500B0}.Ad-Hoc|iPhone.Build.0 = Release|Any CPU
		{9D9A013B-49A3-4887-A34C-5C08368500B0}.Ad-Hoc|iPhone.Deploy.0 = Release|Any CPU
		{9D9A013B-49A3-4887-A34C-5C08368500B0}.Ad-Hoc|iPhoneSimulator.ActiveCfg = Release|Any CPU
		{9D9A013B-49A3-4887-A34C-5C08368500B0}.Ad-Hoc|iPhoneSimulator.Build.0 = Release|Any CPU
		{9D9A013B-49A3-4887-A34C-5C08368500B0}.Ad-Hoc|iPhoneSimulator.Deploy.0 = Release|Any CPU
		{9D9A013B-49A3-4887-A34C-5C08368500B0}.Ad-Hoc|x64.ActiveCfg = Release|Any CPU
		{9D9A013B-49A3-4887-A34C-5C08368500B0}.Ad-Hoc|x64.Build.0 = Release|Any CPU
		{9D9A013B-49A3-4887-A34C-5C08368500B0}.Ad-Hoc|x64.Deploy.0 = Release|Any CPU
		{9D9A013B-49A3-4887-A34C-5C08368500B0}.Ad-Hoc|x86.ActiveCfg = Release|Any CPU
		{9D9A013B-49A3-4887-A34C-5C08368500B0}.Ad-Hoc|x86.Build.0 = Release|Any CPU
		{9D9A013B-49A3-4887-A34C-5C08368500B0}.Ad-Hoc|x86.Deploy.0 = Release|Any CPU
		{9D9A013B-49A3-4887-A34C-5C08368500B0}.AppStore|Any CPU.ActiveCfg = Release|Any CPU
		{9D9A013B-49A3-4887-A34C-5C08368500B0}.AppStore|Any CPU.Build.0 = Release|Any CPU
		{9D9A013B-49A3-4887-A34C-5C08368500B0}.AppStore|Any CPU.Deploy.0 = Release|Any CPU
		{9D9A013B-49A3-4887-A34C-5C08368500B0}.AppStore|ARM.ActiveCfg = Release|Any CPU
		{9D9A013B-49A3-4887-A34C-5C08368500B0}.AppStore|ARM.Build.0 = Release|Any CPU
		{9D9A013B-49A3-4887-A34C-5C08368500B0}.AppStore|ARM.Deploy.0 = Release|Any CPU
		{9D9A013B-49A3-4887-A34C-5C08368500B0}.AppStore|iPhone.ActiveCfg = Release|Any CPU
		{9D9A013B-49A3-4887-A34C-5C08368500B0}.AppStore|iPhone.Build.0 = Release|Any CPU
		{9D9A013B-49A3-4887-A34C-5C08368500B0}.AppStore|iPhone.Deploy.0 = Release|Any CPU
		{9D9A013B-49A3-4887-A34C-5C08368500B0}.AppStore|iPhoneSimulator.ActiveCfg = Release|Any CPU
		{9D9A013B-49A3-4887-A34C-5C08368500B0}.AppStore|iPhoneSimulator.Build.0 = Release|Any CPU
		{9D9A013B-49A3-4887-A34C-5C08368500B0}.AppStore|iPhoneSimulator.Deploy.0 = Release|Any CPU
		{9D9A013B-49A3-4887-A34C-5C08368500B0}.AppStore|x64.ActiveCfg = Release|Any CPU
		{9D9A013B-49A3-4887-A34C-5C08368500B0}.AppStore|x64.Build.0 = Release|Any CPU
		{9D9A013B-49A3-4887-A34C-5C08368500B0}.AppStore|x64.Deploy.0 = Release|Any CPU
		{9D9A013B-49A3-4887-A34C-5C08368500B0}.AppStore|x86.ActiveCfg = Release|Any CPU
		{9D9A013B-49A3-4887-A34C-5C08368500B0}.AppStore|x86.Build.0 = Release|Any CPU
		{9D9A013B-49A3-4887-A34C-5C08368500B0}.AppStore|x86.Deploy.0 = Release|Any CPU
		{9D9A013B-49A3-4887-A34C-5C08368500B0}.Debug|Any CPU.ActiveCfg = Debug|Any CPU
		{9D9A013B-49A3-4887-A34C-5C08368500B0}.Debug|Any CPU.Build.0 = Debug|Any CPU
		{9D9A013B-49A3-4887-A34C-5C08368500B0}.Debug|Any CPU.Deploy.0 = Debug|Any CPU
		{9D9A013B-49A3-4887-A34C-5C08368500B0}.Debug|ARM.ActiveCfg = Debug|Any CPU
		{9D9A013B-49A3-4887-A34C-5C08368500B0}.Debug|ARM.Build.0 = Debug|Any CPU
		{9D9A013B-49A3-4887-A34C-5C08368500B0}.Debug|ARM.Deploy.0 = Debug|Any CPU
		{9D9A013B-49A3-4887-A34C-5C08368500B0}.Debug|iPhone.ActiveCfg = Debug|Any CPU
		{9D9A013B-49A3-4887-A34C-5C08368500B0}.Debug|iPhone.Build.0 = Debug|Any CPU
		{9D9A013B-49A3-4887-A34C-5C08368500B0}.Debug|iPhone.Deploy.0 = Debug|Any CPU
		{9D9A013B-49A3-4887-A34C-5C08368500B0}.Debug|iPhoneSimulator.ActiveCfg = Debug|Any CPU
		{9D9A013B-49A3-4887-A34C-5C08368500B0}.Debug|iPhoneSimulator.Build.0 = Debug|Any CPU
		{9D9A013B-49A3-4887-A34C-5C08368500B0}.Debug|iPhoneSimulator.Deploy.0 = Debug|Any CPU
		{9D9A013B-49A3-4887-A34C-5C08368500B0}.Debug|x64.ActiveCfg = Debug|Any CPU
		{9D9A013B-49A3-4887-A34C-5C08368500B0}.Debug|x64.Build.0 = Debug|Any CPU
		{9D9A013B-49A3-4887-A34C-5C08368500B0}.Debug|x64.Deploy.0 = Debug|Any CPU
		{9D9A013B-49A3-4887-A34C-5C08368500B0}.Debug|x86.ActiveCfg = Debug|Any CPU
		{9D9A013B-49A3-4887-A34C-5C08368500B0}.Debug|x86.Build.0 = Debug|Any CPU
		{9D9A013B-49A3-4887-A34C-5C08368500B0}.Debug|x86.Deploy.0 = Debug|Any CPU
		{9D9A013B-49A3-4887-A34C-5C08368500B0}.Release|Any CPU.ActiveCfg = Release|Any CPU
		{9D9A013B-49A3-4887-A34C-5C08368500B0}.Release|Any CPU.Build.0 = Release|Any CPU
		{9D9A013B-49A3-4887-A34C-5C08368500B0}.Release|Any CPU.Deploy.0 = Release|Any CPU
		{9D9A013B-49A3-4887-A34C-5C08368500B0}.Release|ARM.ActiveCfg = Release|Any CPU
		{9D9A013B-49A3-4887-A34C-5C08368500B0}.Release|ARM.Build.0 = Release|Any CPU
		{9D9A013B-49A3-4887-A34C-5C08368500B0}.Release|ARM.Deploy.0 = Release|Any CPU
		{9D9A013B-49A3-4887-A34C-5C08368500B0}.Release|iPhone.ActiveCfg = Release|Any CPU
		{9D9A013B-49A3-4887-A34C-5C08368500B0}.Release|iPhone.Build.0 = Release|Any CPU
		{9D9A013B-49A3-4887-A34C-5C08368500B0}.Release|iPhone.Deploy.0 = Release|Any CPU
		{9D9A013B-49A3-4887-A34C-5C08368500B0}.Release|iPhoneSimulator.ActiveCfg = Release|Any CPU
		{9D9A013B-49A3-4887-A34C-5C08368500B0}.Release|iPhoneSimulator.Build.0 = Release|Any CPU
		{9D9A013B-49A3-4887-A34C-5C08368500B0}.Release|iPhoneSimulator.Deploy.0 = Release|Any CPU
		{9D9A013B-49A3-4887-A34C-5C08368500B0}.Release|x64.ActiveCfg = Release|Any CPU
		{9D9A013B-49A3-4887-A34C-5C08368500B0}.Release|x64.Build.0 = Release|Any CPU
		{9D9A013B-49A3-4887-A34C-5C08368500B0}.Release|x64.Deploy.0 = Release|Any CPU
		{9D9A013B-49A3-4887-A34C-5C08368500B0}.Release|x86.ActiveCfg = Release|Any CPU
		{9D9A013B-49A3-4887-A34C-5C08368500B0}.Release|x86.Build.0 = Release|Any CPU
		{9D9A013B-49A3-4887-A34C-5C08368500B0}.Release|x86.Deploy.0 = Release|Any CPU
		{8F28884B-3181-4776-8B3F-41B4E889AF4A}.Ad-Hoc|Any CPU.ActiveCfg = Ad-Hoc|iPhone
		{8F28884B-3181-4776-8B3F-41B4E889AF4A}.Ad-Hoc|ARM.ActiveCfg = Ad-Hoc|iPhone
		{8F28884B-3181-4776-8B3F-41B4E889AF4A}.Ad-Hoc|iPhone.ActiveCfg = Ad-Hoc|iPhone
		{8F28884B-3181-4776-8B3F-41B4E889AF4A}.Ad-Hoc|iPhone.Build.0 = Ad-Hoc|iPhone
		{8F28884B-3181-4776-8B3F-41B4E889AF4A}.Ad-Hoc|iPhoneSimulator.ActiveCfg = Ad-Hoc|iPhoneSimulator
		{8F28884B-3181-4776-8B3F-41B4E889AF4A}.Ad-Hoc|iPhoneSimulator.Build.0 = Ad-Hoc|iPhoneSimulator
		{8F28884B-3181-4776-8B3F-41B4E889AF4A}.Ad-Hoc|x64.ActiveCfg = Ad-Hoc|iPhone
		{8F28884B-3181-4776-8B3F-41B4E889AF4A}.Ad-Hoc|x86.ActiveCfg = Ad-Hoc|iPhone
		{8F28884B-3181-4776-8B3F-41B4E889AF4A}.AppStore|Any CPU.ActiveCfg = AppStore|iPhone
		{8F28884B-3181-4776-8B3F-41B4E889AF4A}.AppStore|ARM.ActiveCfg = AppStore|iPhone
		{8F28884B-3181-4776-8B3F-41B4E889AF4A}.AppStore|iPhone.ActiveCfg = AppStore|iPhone
		{8F28884B-3181-4776-8B3F-41B4E889AF4A}.AppStore|iPhone.Build.0 = AppStore|iPhone
		{8F28884B-3181-4776-8B3F-41B4E889AF4A}.AppStore|iPhoneSimulator.ActiveCfg = AppStore|iPhoneSimulator
		{8F28884B-3181-4776-8B3F-41B4E889AF4A}.AppStore|iPhoneSimulator.Build.0 = AppStore|iPhoneSimulator
		{8F28884B-3181-4776-8B3F-41B4E889AF4A}.AppStore|x64.ActiveCfg = AppStore|iPhone
		{8F28884B-3181-4776-8B3F-41B4E889AF4A}.AppStore|x86.ActiveCfg = AppStore|iPhone
		{8F28884B-3181-4776-8B3F-41B4E889AF4A}.Debug|Any CPU.ActiveCfg = Debug|iPhone
		{8F28884B-3181-4776-8B3F-41B4E889AF4A}.Debug|ARM.ActiveCfg = Debug|iPhone
		{8F28884B-3181-4776-8B3F-41B4E889AF4A}.Debug|iPhone.ActiveCfg = Debug|iPhone
		{8F28884B-3181-4776-8B3F-41B4E889AF4A}.Debug|iPhone.Build.0 = Debug|iPhone
		{8F28884B-3181-4776-8B3F-41B4E889AF4A}.Debug|iPhoneSimulator.ActiveCfg = Debug|iPhoneSimulator
		{8F28884B-3181-4776-8B3F-41B4E889AF4A}.Debug|iPhoneSimulator.Build.0 = Debug|iPhoneSimulator
		{8F28884B-3181-4776-8B3F-41B4E889AF4A}.Debug|x64.ActiveCfg = Debug|iPhone
		{8F28884B-3181-4776-8B3F-41B4E889AF4A}.Debug|x86.ActiveCfg = Debug|iPhone
		{8F28884B-3181-4776-8B3F-41B4E889AF4A}.Release|Any CPU.ActiveCfg = Release|iPhone
		{8F28884B-3181-4776-8B3F-41B4E889AF4A}.Release|ARM.ActiveCfg = Release|iPhone
		{8F28884B-3181-4776-8B3F-41B4E889AF4A}.Release|iPhone.ActiveCfg = Release|iPhone
		{8F28884B-3181-4776-8B3F-41B4E889AF4A}.Release|iPhone.Build.0 = Release|iPhone
		{8F28884B-3181-4776-8B3F-41B4E889AF4A}.Release|iPhoneSimulator.ActiveCfg = Release|iPhoneSimulator
		{8F28884B-3181-4776-8B3F-41B4E889AF4A}.Release|iPhoneSimulator.Build.0 = Release|iPhoneSimulator
		{8F28884B-3181-4776-8B3F-41B4E889AF4A}.Release|x64.ActiveCfg = Release|iPhone
		{8F28884B-3181-4776-8B3F-41B4E889AF4A}.Release|x86.ActiveCfg = Release|iPhone
		{709C265F-0617-41C4-B799-A33E4043A49A}.Ad-Hoc|Any CPU.ActiveCfg = Debug|Any CPU
		{709C265F-0617-41C4-B799-A33E4043A49A}.Ad-Hoc|Any CPU.Build.0 = Debug|Any CPU
		{709C265F-0617-41C4-B799-A33E4043A49A}.Ad-Hoc|ARM.ActiveCfg = Debug|Any CPU
		{709C265F-0617-41C4-B799-A33E4043A49A}.Ad-Hoc|ARM.Build.0 = Debug|Any CPU
		{709C265F-0617-41C4-B799-A33E4043A49A}.Ad-Hoc|iPhone.ActiveCfg = Debug|Any CPU
		{709C265F-0617-41C4-B799-A33E4043A49A}.Ad-Hoc|iPhone.Build.0 = Debug|Any CPU
		{709C265F-0617-41C4-B799-A33E4043A49A}.Ad-Hoc|iPhoneSimulator.ActiveCfg = Debug|Any CPU
		{709C265F-0617-41C4-B799-A33E4043A49A}.Ad-Hoc|iPhoneSimulator.Build.0 = Debug|Any CPU
		{709C265F-0617-41C4-B799-A33E4043A49A}.Ad-Hoc|x64.ActiveCfg = Debug|Any CPU
		{709C265F-0617-41C4-B799-A33E4043A49A}.Ad-Hoc|x64.Build.0 = Debug|Any CPU
		{709C265F-0617-41C4-B799-A33E4043A49A}.Ad-Hoc|x86.ActiveCfg = Debug|Any CPU
		{709C265F-0617-41C4-B799-A33E4043A49A}.Ad-Hoc|x86.Build.0 = Debug|Any CPU
		{709C265F-0617-41C4-B799-A33E4043A49A}.AppStore|Any CPU.ActiveCfg = Debug|Any CPU
		{709C265F-0617-41C4-B799-A33E4043A49A}.AppStore|Any CPU.Build.0 = Debug|Any CPU
		{709C265F-0617-41C4-B799-A33E4043A49A}.AppStore|ARM.ActiveCfg = Debug|Any CPU
		{709C265F-0617-41C4-B799-A33E4043A49A}.AppStore|ARM.Build.0 = Debug|Any CPU
		{709C265F-0617-41C4-B799-A33E4043A49A}.AppStore|iPhone.ActiveCfg = Debug|Any CPU
		{709C265F-0617-41C4-B799-A33E4043A49A}.AppStore|iPhone.Build.0 = Debug|Any CPU
		{709C265F-0617-41C4-B799-A33E4043A49A}.AppStore|iPhoneSimulator.ActiveCfg = Debug|Any CPU
		{709C265F-0617-41C4-B799-A33E4043A49A}.AppStore|iPhoneSimulator.Build.0 = Debug|Any CPU
		{709C265F-0617-41C4-B799-A33E4043A49A}.AppStore|x64.ActiveCfg = Debug|Any CPU
		{709C265F-0617-41C4-B799-A33E4043A49A}.AppStore|x64.Build.0 = Debug|Any CPU
		{709C265F-0617-41C4-B799-A33E4043A49A}.AppStore|x86.ActiveCfg = Debug|Any CPU
		{709C265F-0617-41C4-B799-A33E4043A49A}.AppStore|x86.Build.0 = Debug|Any CPU
		{709C265F-0617-41C4-B799-A33E4043A49A}.Debug|Any CPU.ActiveCfg = Debug|Any CPU
		{709C265F-0617-41C4-B799-A33E4043A49A}.Debug|Any CPU.Build.0 = Debug|Any CPU
		{709C265F-0617-41C4-B799-A33E4043A49A}.Debug|ARM.ActiveCfg = Debug|Any CPU
		{709C265F-0617-41C4-B799-A33E4043A49A}.Debug|ARM.Build.0 = Debug|Any CPU
		{709C265F-0617-41C4-B799-A33E4043A49A}.Debug|iPhone.ActiveCfg = Debug|Any CPU
		{709C265F-0617-41C4-B799-A33E4043A49A}.Debug|iPhone.Build.0 = Debug|Any CPU
		{709C265F-0617-41C4-B799-A33E4043A49A}.Debug|iPhoneSimulator.ActiveCfg = Debug|Any CPU
		{709C265F-0617-41C4-B799-A33E4043A49A}.Debug|iPhoneSimulator.Build.0 = Debug|Any CPU
		{709C265F-0617-41C4-B799-A33E4043A49A}.Debug|x64.ActiveCfg = Debug|Any CPU
		{709C265F-0617-41C4-B799-A33E4043A49A}.Debug|x64.Build.0 = Debug|Any CPU
		{709C265F-0617-41C4-B799-A33E4043A49A}.Debug|x86.ActiveCfg = Debug|Any CPU
		{709C265F-0617-41C4-B799-A33E4043A49A}.Debug|x86.Build.0 = Debug|Any CPU
		{709C265F-0617-41C4-B799-A33E4043A49A}.Release|Any CPU.ActiveCfg = Release|Any CPU
		{709C265F-0617-41C4-B799-A33E4043A49A}.Release|Any CPU.Build.0 = Release|Any CPU
		{709C265F-0617-41C4-B799-A33E4043A49A}.Release|ARM.ActiveCfg = Release|Any CPU
		{709C265F-0617-41C4-B799-A33E4043A49A}.Release|ARM.Build.0 = Release|Any CPU
		{709C265F-0617-41C4-B799-A33E4043A49A}.Release|iPhone.ActiveCfg = Release|Any CPU
		{709C265F-0617-41C4-B799-A33E4043A49A}.Release|iPhone.Build.0 = Release|Any CPU
		{709C265F-0617-41C4-B799-A33E4043A49A}.Release|iPhoneSimulator.ActiveCfg = Release|Any CPU
		{709C265F-0617-41C4-B799-A33E4043A49A}.Release|iPhoneSimulator.Build.0 = Release|Any CPU
		{709C265F-0617-41C4-B799-A33E4043A49A}.Release|x64.ActiveCfg = Release|Any CPU
		{709C265F-0617-41C4-B799-A33E4043A49A}.Release|x64.Build.0 = Release|Any CPU
		{709C265F-0617-41C4-B799-A33E4043A49A}.Release|x86.ActiveCfg = Release|Any CPU
		{709C265F-0617-41C4-B799-A33E4043A49A}.Release|x86.Build.0 = Release|Any CPU
		{5D483F96-EB48-48E3-B6F6-222432A2FA1D}.Ad-Hoc|Any CPU.ActiveCfg = Release|x64
		{5D483F96-EB48-48E3-B6F6-222432A2FA1D}.Ad-Hoc|Any CPU.Build.0 = Release|x64
		{5D483F96-EB48-48E3-B6F6-222432A2FA1D}.Ad-Hoc|Any CPU.Deploy.0 = Release|x64
		{5D483F96-EB48-48E3-B6F6-222432A2FA1D}.Ad-Hoc|ARM.ActiveCfg = Release|ARM
		{5D483F96-EB48-48E3-B6F6-222432A2FA1D}.Ad-Hoc|ARM.Build.0 = Release|ARM
		{5D483F96-EB48-48E3-B6F6-222432A2FA1D}.Ad-Hoc|ARM.Deploy.0 = Release|ARM
		{5D483F96-EB48-48E3-B6F6-222432A2FA1D}.Ad-Hoc|iPhone.ActiveCfg = Release|x64
		{5D483F96-EB48-48E3-B6F6-222432A2FA1D}.Ad-Hoc|iPhone.Build.0 = Release|x64
		{5D483F96-EB48-48E3-B6F6-222432A2FA1D}.Ad-Hoc|iPhone.Deploy.0 = Release|x64
		{5D483F96-EB48-48E3-B6F6-222432A2FA1D}.Ad-Hoc|iPhoneSimulator.ActiveCfg = Release|x64
		{5D483F96-EB48-48E3-B6F6-222432A2FA1D}.Ad-Hoc|iPhoneSimulator.Build.0 = Release|x64
		{5D483F96-EB48-48E3-B6F6-222432A2FA1D}.Ad-Hoc|iPhoneSimulator.Deploy.0 = Release|x64
		{5D483F96-EB48-48E3-B6F6-222432A2FA1D}.Ad-Hoc|x64.ActiveCfg = Release|x64
		{5D483F96-EB48-48E3-B6F6-222432A2FA1D}.Ad-Hoc|x64.Build.0 = Release|x64
		{5D483F96-EB48-48E3-B6F6-222432A2FA1D}.Ad-Hoc|x64.Deploy.0 = Release|x64
		{5D483F96-EB48-48E3-B6F6-222432A2FA1D}.Ad-Hoc|x86.ActiveCfg = Release|x86
		{5D483F96-EB48-48E3-B6F6-222432A2FA1D}.Ad-Hoc|x86.Build.0 = Release|x86
		{5D483F96-EB48-48E3-B6F6-222432A2FA1D}.Ad-Hoc|x86.Deploy.0 = Release|x86
		{5D483F96-EB48-48E3-B6F6-222432A2FA1D}.AppStore|Any CPU.ActiveCfg = Release|x64
		{5D483F96-EB48-48E3-B6F6-222432A2FA1D}.AppStore|Any CPU.Build.0 = Release|x64
		{5D483F96-EB48-48E3-B6F6-222432A2FA1D}.AppStore|Any CPU.Deploy.0 = Release|x64
		{5D483F96-EB48-48E3-B6F6-222432A2FA1D}.AppStore|ARM.ActiveCfg = Release|ARM
		{5D483F96-EB48-48E3-B6F6-222432A2FA1D}.AppStore|ARM.Build.0 = Release|ARM
		{5D483F96-EB48-48E3-B6F6-222432A2FA1D}.AppStore|ARM.Deploy.0 = Release|ARM
		{5D483F96-EB48-48E3-B6F6-222432A2FA1D}.AppStore|iPhone.ActiveCfg = Release|x64
		{5D483F96-EB48-48E3-B6F6-222432A2FA1D}.AppStore|iPhone.Build.0 = Release|x64
		{5D483F96-EB48-48E3-B6F6-222432A2FA1D}.AppStore|iPhone.Deploy.0 = Release|x64
		{5D483F96-EB48-48E3-B6F6-222432A2FA1D}.AppStore|iPhoneSimulator.ActiveCfg = Release|x64
		{5D483F96-EB48-48E3-B6F6-222432A2FA1D}.AppStore|iPhoneSimulator.Build.0 = Release|x64
		{5D483F96-EB48-48E3-B6F6-222432A2FA1D}.AppStore|iPhoneSimulator.Deploy.0 = Release|x64
		{5D483F96-EB48-48E3-B6F6-222432A2FA1D}.AppStore|x64.ActiveCfg = Release|x64
		{5D483F96-EB48-48E3-B6F6-222432A2FA1D}.AppStore|x64.Build.0 = Release|x64
		{5D483F96-EB48-48E3-B6F6-222432A2FA1D}.AppStore|x64.Deploy.0 = Release|x64
		{5D483F96-EB48-48E3-B6F6-222432A2FA1D}.AppStore|x86.ActiveCfg = Release|x86
		{5D483F96-EB48-48E3-B6F6-222432A2FA1D}.AppStore|x86.Build.0 = Release|x86
		{5D483F96-EB48-48E3-B6F6-222432A2FA1D}.AppStore|x86.Deploy.0 = Release|x86
		{5D483F96-EB48-48E3-B6F6-222432A2FA1D}.Debug|Any CPU.ActiveCfg = Debug|x86
		{5D483F96-EB48-48E3-B6F6-222432A2FA1D}.Debug|ARM.ActiveCfg = Debug|ARM
		{5D483F96-EB48-48E3-B6F6-222432A2FA1D}.Debug|ARM.Build.0 = Debug|ARM
		{5D483F96-EB48-48E3-B6F6-222432A2FA1D}.Debug|ARM.Deploy.0 = Debug|ARM
		{5D483F96-EB48-48E3-B6F6-222432A2FA1D}.Debug|iPhone.ActiveCfg = Debug|x86
		{5D483F96-EB48-48E3-B6F6-222432A2FA1D}.Debug|iPhoneSimulator.ActiveCfg = Debug|x86
		{5D483F96-EB48-48E3-B6F6-222432A2FA1D}.Debug|x64.ActiveCfg = Debug|x64
		{5D483F96-EB48-48E3-B6F6-222432A2FA1D}.Debug|x64.Build.0 = Debug|x64
		{5D483F96-EB48-48E3-B6F6-222432A2FA1D}.Debug|x64.Deploy.0 = Debug|x64
		{5D483F96-EB48-48E3-B6F6-222432A2FA1D}.Debug|x86.ActiveCfg = Debug|x86
		{5D483F96-EB48-48E3-B6F6-222432A2FA1D}.Debug|x86.Build.0 = Debug|x86
		{5D483F96-EB48-48E3-B6F6-222432A2FA1D}.Debug|x86.Deploy.0 = Debug|x86
		{5D483F96-EB48-48E3-B6F6-222432A2FA1D}.Release|Any CPU.ActiveCfg = Release|x86
		{5D483F96-EB48-48E3-B6F6-222432A2FA1D}.Release|ARM.ActiveCfg = Release|ARM
		{5D483F96-EB48-48E3-B6F6-222432A2FA1D}.Release|ARM.Build.0 = Release|ARM
		{5D483F96-EB48-48E3-B6F6-222432A2FA1D}.Release|ARM.Deploy.0 = Release|ARM
		{5D483F96-EB48-48E3-B6F6-222432A2FA1D}.Release|iPhone.ActiveCfg = Release|x86
		{5D483F96-EB48-48E3-B6F6-222432A2FA1D}.Release|iPhoneSimulator.ActiveCfg = Release|x86
		{5D483F96-EB48-48E3-B6F6-222432A2FA1D}.Release|x64.ActiveCfg = Release|x64
		{5D483F96-EB48-48E3-B6F6-222432A2FA1D}.Release|x64.Build.0 = Release|x64
		{5D483F96-EB48-48E3-B6F6-222432A2FA1D}.Release|x64.Deploy.0 = Release|x64
		{5D483F96-EB48-48E3-B6F6-222432A2FA1D}.Release|x86.ActiveCfg = Release|x86
		{5D483F96-EB48-48E3-B6F6-222432A2FA1D}.Release|x86.Build.0 = Release|x86
		{5D483F96-EB48-48E3-B6F6-222432A2FA1D}.Release|x86.Deploy.0 = Release|x86
	EndGlobalSection
	GlobalSection(SolutionProperties) = preSolution
		HideSolutionNode = FALSE
	EndGlobalSection
EndGlobal
